
Microsoft Visual Studio Solution File, Format Version 9.00
# Visual Studio 2005
Project("{FAE04EC0-301F-11D3-BF4B-00C04F79EFBC}") = "IRTaktiks", "IRTaktiks\IRTaktiks.csproj", "{31C0DBA2-83BA-4E08-B20A-ACE66F99C0B2}"
EndProject
Global
	GlobalSection(TeamFoundationVersionControl) = preSolution
		SccNumberOfProjects = 2
		SccEnterpriseProvider = {4CA58AB2-18FA-4F8D-95D4-32DDF27D184C}
		SccTeamFoundationServer = https://tfs07.codeplex.com/
		SccProjectUniqueName0 = IRTaktiks\\Content\\Content.contentproj
		SccProjectTopLevelParentUniqueName0 = IRTaktiks\\IRTaktiks.csproj
		SccProjectName0 = ../../../Content
		SccAuxPath0 = https://tfs07.codeplex.com
		SccLocalPath0 = IRTaktiks\\Content
		SccProvider0 = {4CA58AB2-18FA-4F8D-95D4-32DDF27D184C}
		SccProjectUniqueName1 = IRTaktiks\\IRTaktiks.csproj
		SccProjectName1 = ../../../IRTaktiks
		SccAuxPath1 = https://tfs07.codeplex.com
		SccLocalPath1 = IRTaktiks
		SccProvider1 = {4CA58AB2-18FA-4F8D-95D4-32DDF27D184C}
	EndGlobalSection
	GlobalSection(SolutionConfigurationPlatforms) = preSolution
		Debug|x86 = Debug|x86
		Release|x86 = Release|x86
	EndGlobalSection
	GlobalSection(ProjectConfigurationPlatforms) = postSolution
		{31C0DBA2-83BA-4E08-B20A-ACE66F99C0B2}.Debug|x86.ActiveCfg = Debug|x86
		{31C0DBA2-83BA-4E08-B20A-ACE66F99C0B2}.Debug|x86.Build.0 = Debug|x86
		{31C0DBA2-83BA-4E08-B20A-ACE66F99C0B2}.Release|x86.ActiveCfg = Release|x86
		{31C0DBA2-83BA-4E08-B20A-ACE66F99C0B2}.Release|x86.Build.0 = Release|x86
		{F944854D-40FC-4D93-8871-197612DD4343}.Debug|x86.ActiveCfg = Debug|x86
		{F944854D-40FC-4D93-8871-197612DD4343}.Release|x86.ActiveCfg = Release|x86
	EndGlobalSection
	GlobalSection(SolutionProperties) = preSolution
		HideSolutionNode = FALSE
	EndGlobalSection
EndGlobal
